// !$*UTF8*$!
{
	archiveVersion = 1;
	classes = {
	};
	objectVersion = 46;
	objects = {

/* Begin PBXBuildFile section */
		C936AFD1036B3F1A24440675 /* libPods-CYChatInputView.a in Frameworks */ = {isa = PBXBuildFile; fileRef = 88C982CF0790DDBF5279DDF2 /* libPods-CYChatInputView.a */; };
		F3806CBE1D756F9500A2E20E /* main.m in Sources */ = {isa = PBXBuildFile; fileRef = F3806CBD1D756F9500A2E20E /* main.m */; };
		F3806CC11D756F9500A2E20E /* AppDelegate.m in Sources */ = {isa = PBXBuildFile; fileRef = F3806CC01D756F9500A2E20E /* AppDelegate.m */; };
		F3806CC41D756F9500A2E20E /* ViewController.m in Sources */ = {isa = PBXBuildFile; fileRef = F3806CC31D756F9500A2E20E /* ViewController.m */; };
		F3806CC91D756F9500A2E20E /* Assets.xcassets in Resources */ = {isa = PBXBuildFile; fileRef = F3806CC81D756F9500A2E20E /* Assets.xcassets */; };
		F3806CCC1D756F9500A2E20E /* LaunchScreen.storyboard in Resources */ = {isa = PBXBuildFile; fileRef = F3806CCA1D756F9500A2E20E /* LaunchScreen.storyboard */; };
		F3806CD71D756F9500A2E20E /* CYChatInputViewTests.m in Sources */ = {isa = PBXBuildFile; fileRef = F3806CD61D756F9500A2E20E /* CYChatInputViewTests.m */; };
		F3806CE21D756F9500A2E20E /* CYChatInputViewUITests.m in Sources */ = {isa = PBXBuildFile; fileRef = F3806CE11D756F9500A2E20E /* CYChatInputViewUITests.m */; };
		F3806CF21D75745200A2E20E /* ChatInputView.m in Sources */ = {isa = PBXBuildFile; fileRef = F3806CF11D75745200A2E20E /* ChatInputView.m */; };
		F3806CF81D7577E300A2E20E /* ChatInputMoreButton.m in Sources */ = {isa = PBXBuildFile; fileRef = F3806CF41D7577E300A2E20E /* ChatInputMoreButton.m */; };
		F3806CF91D7577E300A2E20E /* ChatInputMoreView.m in Sources */ = {isa = PBXBuildFile; fileRef = F3806CF61D7577E300A2E20E /* ChatInputMoreView.m */; };
/* End PBXBuildFile section */

/* Begin PBXContainerItemProxy section */
		F3806CD31D756F9500A2E20E /* PBXContainerItemProxy */ = {
			isa = PBXContainerItemProxy;
			containerPortal = F3806CB11D756F9500A2E20E /* Project object */;
			proxyType = 1;
			remoteGlobalIDString = F3806CB81D756F9500A2E20E;
			remoteInfo = CYChatInputView;
		};
		F3806CDE1D756F9500A2E20E /* PBXContainerItemProxy */ = {
			isa = PBXContainerItemProxy;
			containerPortal = F3806CB11D756F9500A2E20E /* Project object */;
			proxyType = 1;
			remoteGlobalIDString = F3806CB81D756F9500A2E20E;
			remoteInfo = CYChatInputView;
		};
/* End PBXContainerItemProxy section */

/* Begin PBXFileReference section */
		1B46DFF7F092CF48B446FEA9 /* Pods-CYChatInputView.release.xcconfig */ = {isa = PBXFileReference; includeInIndex = 1; lastKnownFileType = text.xcconfig; name = "Pods-CYChatInputView.release.xcconfig"; path = "Pods/Target Support Files/Pods-CYChatInputView/Pods-CYChatInputView.release.xcconfig"; sourceTree = "<group>"; };
		88C982CF0790DDBF5279DDF2 /* libPods-CYChatInputView.a */ = {isa = PBXFileReference; explicitFileType = archive.ar; includeInIndex = 0; path = "libPods-CYChatInputView.a"; sourceTree = BUILT_PRODUCTS_DIR; };
		8F5608758F1F6D7F2AF0AF07 /* Pods-CYChatInputView.debug.xcconfig */ = {isa = PBXFileReference; includeInIndex = 1; lastKnownFileType = text.xcconfig; name = "Pods-CYChatInputView.debug.xcconfig"; path = "Pods/Target Support Files/Pods-CYChatInputView/Pods-CYChatInputView.debug.xcconfig"; sourceTree = "<group>"; };
		F3806CB91D756F9500A2E20E /* CYChatInputView.app */ = {isa = PBXFileReference; explicitFileType = wrapper.application; includeInIndex = 0; path = CYChatInputView.app; sourceTree = BUILT_PRODUCTS_DIR; };
		F3806CBD1D756F9500A2E20E /* main.m */ = {isa = PBXFileReference; lastKnownFileType = sourcecode.c.objc; path = main.m; sourceTree = "<group>"; };
		F3806CBF1D756F9500A2E20E /* AppDelegate.h */ = {isa = PBXFileReference; lastKnownFileType = sourcecode.c.h; path = AppDelegate.h; sourceTree = "<group>"; };
		F3806CC01D756F9500A2E20E /* AppDelegate.m */ = {isa = PBXFileReference; lastKnownFileType = sourcecode.c.objc; path = AppDelegate.m; sourceTree = "<group>"; };
		F3806CC21D756F9500A2E20E /* ViewController.h */ = {isa = PBXFileReference; lastKnownFileType = sourcecode.c.h; path = ViewController.h; sourceTree = "<group>"; };
		F3806CC31D756F9500A2E20E /* ViewController.m */ = {isa = PBXFileReference; lastKnownFileType = sourcecode.c.objc; path = ViewController.m; sourceTree = "<group>"; };
		F3806CC81D756F9500A2E20E /* Assets.xcassets */ = {isa = PBXFileReference; lastKnownFileType = folder.assetcatalog; path = Assets.xcassets; sourceTree = "<group>"; };
		F3806CCB1D756F9500A2E20E /* Base */ = {isa = PBXFileReference; lastKnownFileType = file.storyboard; name = Base; path = Base.lproj/LaunchScreen.storyboard; sourceTree = "<group>"; };
		F3806CCD1D756F9500A2E20E /* Info.plist */ = {isa = PBXFileReference; lastKnownFileType = text.plist.xml; path = Info.plist; sourceTree = "<group>"; };
		F3806CD21D756F9500A2E20E /* CYChatInputViewTests.xctest */ = {isa = PBXFileReference; explicitFileType = wrapper.cfbundle; includeInIndex = 0; path = CYChatInputViewTests.xctest; sourceTree = BUILT_PRODUCTS_DIR; };
		F3806CD61D756F9500A2E20E /* CYChatInputViewTests.m */ = {isa = PBXFileReference; lastKnownFileType = sourcecode.c.objc; path = CYChatInputViewTests.m; sourceTree = "<group>"; };
		F3806CD81D756F9500A2E20E /* Info.plist */ = {isa = PBXFileReference; lastKnownFileType = text.plist.xml; path = Info.plist; sourceTree = "<group>"; };
		F3806CDD1D756F9500A2E20E /* CYChatInputViewUITests.xctest */ = {isa = PBXFileReference; explicitFileType = wrapper.cfbundle; includeInIndex = 0; path = CYChatInputViewUITests.xctest; sourceTree = BUILT_PRODUCTS_DIR; };
		F3806CE11D756F9500A2E20E /* CYChatInputViewUITests.m */ = {isa = PBXFileReference; lastKnownFileType = sourcecode.c.objc; path = CYChatInputViewUITests.m; sourceTree = "<group>"; };
		F3806CE31D756F9500A2E20E /* Info.plist */ = {isa = PBXFileReference; lastKnownFileType = text.plist.xml; path = Info.plist; sourceTree = "<group>"; };
		F3806CF01D75745200A2E20E /* ChatInputView.h */ = {isa = PBXFileReference; fileEncoding = 4; lastKnownFileType = sourcecode.c.h; path = ChatInputView.h; sourceTree = "<group>"; };
		F3806CF11D75745200A2E20E /* ChatInputView.m */ = {isa = PBXFileReference; fileEncoding = 4; lastKnownFileType = sourcecode.c.objc; path = ChatInputView.m; sourceTree = "<group>"; };
		F3806CF31D7577E300A2E20E /* ChatInputMoreButton.h */ = {isa = PBXFileReference; fileEncoding = 4; lastKnownFileType = sourcecode.c.h; path = ChatInputMoreButton.h; sourceTree = "<group>"; };
		F3806CF41D7577E300A2E20E /* ChatInputMoreButton.m */ = {isa = PBXFileReference; fileEncoding = 4; lastKnownFileType = sourcecode.c.objc; path = ChatInputMoreButton.m; sourceTree = "<group>"; };
		F3806CF51D7577E300A2E20E /* ChatInputMoreView.h */ = {isa = PBXFileReference; fileEncoding = 4; lastKnownFileType = sourcecode.c.h; path = ChatInputMoreView.h; sourceTree = "<group>"; };
		F3806CF61D7577E300A2E20E /* ChatInputMoreView.m */ = {isa = PBXFileReference; fileEncoding = 4; lastKnownFileType = sourcecode.c.objc; path = ChatInputMoreView.m; sourceTree = "<group>"; };
		F3806CF71D7577E300A2E20E /* ChatInputViewDefines.h */ = {isa = PBXFileReference; fileEncoding = 4; lastKnownFileType = sourcecode.c.h; path = ChatInputViewDefines.h; sourceTree = "<group>"; };
/* End PBXFileReference section */

/* Begin PBXFrameworksBuildPhase section */
		F3806CB61D756F9500A2E20E /* Frameworks */ = {
			isa = PBXFrameworksBuildPhase;
			buildActionMask = 2147483647;
			files = (
				C936AFD1036B3F1A24440675 /* libPods-CYChatInputView.a in Frameworks */,
			);
			runOnlyForDeploymentPostprocessing = 0;
		};
		F3806CCF1D756F9500A2E20E /* Frameworks */ = {
			isa = PBXFrameworksBuildPhase;
			buildActionMask = 2147483647;
			files = (
			);
			runOnlyForDeploymentPostprocessing = 0;
		};
		F3806CDA1D756F9500A2E20E /* Frameworks */ = {
			isa = PBXFrameworksBuildPhase;
			buildActionMask = 2147483647;
			files = (
			);
			runOnlyForDeploymentPostprocessing = 0;
		};
/* End PBXFrameworksBuildPhase section */

/* Begin PBXGroup section */
		86B68A640CB762B2513AD54F /* Pods */ = {
			isa = PBXGroup;
			children = (
				8F5608758F1F6D7F2AF0AF07 /* Pods-CYChatInputView.debug.xcconfig */,
				1B46DFF7F092CF48B446FEA9 /* Pods-CYChatInputView.release.xcconfig */,
			);
			name = Pods;
			sourceTree = "<group>";
		};
		F3806CB01D756F9500A2E20E = {
			isa = PBXGroup;
			children = (
				F3806CBB1D756F9500A2E20E /* CYChatInputView */,
				F3806CD51D756F9500A2E20E /* CYChatInputViewTests */,
				F3806CE01D756F9500A2E20E /* CYChatInputViewUITests */,
				F3806CBA1D756F9500A2E20E /* Products */,
				86B68A640CB762B2513AD54F /* Pods */,
				F96C00F6DA717A69E21FA131 /* Frameworks */,
			);
			sourceTree = "<group>";
		};
		F3806CBA1D756F9500A2E20E /* Products */ = {
			isa = PBXGroup;
			children = (
				F3806CB91D756F9500A2E20E /* CYChatInputView.app */,
				F3806CD21D756F9500A2E20E /* CYChatInputViewTests.xctest */,
				F3806CDD1D756F9500A2E20E /* CYChatInputViewUITests.xctest */,
			);
			name = Products;
			sourceTree = "<group>";
		};
		F3806CBB1D756F9500A2E20E /* CYChatInputView */ = {
			isa = PBXGroup;
			children = (
				F3806CEF1D75741B00A2E20E /* ChatInput */,
				F3806CBF1D756F9500A2E20E /* AppDelegate.h */,
				F3806CC01D756F9500A2E20E /* AppDelegate.m */,
				F3806CC21D756F9500A2E20E /* ViewController.h */,
				F3806CC31D756F9500A2E20E /* ViewController.m */,
				F3806CC81D756F9500A2E20E /* Assets.xcassets */,
				F3806CCA1D756F9500A2E20E /* LaunchScreen.storyboard */,
				F3806CCD1D756F9500A2E20E /* Info.plist */,
				F3806CBC1D756F9500A2E20E /* Supporting Files */,
			);
			path = CYChatInputView;
			sourceTree = "<group>";
		};
		F3806CBC1D756F9500A2E20E /* Supporting Files */ = {
			isa = PBXGroup;
			children = (
				F3806CBD1D756F9500A2E20E /* main.m */,
			);
			name = "Supporting Files";
			sourceTree = "<group>";
		};
		F3806CD51D756F9500A2E20E /* CYChatInputViewTests */ = {
			isa = PBXGroup;
			children = (
				F3806CD61D756F9500A2E20E /* CYChatInputViewTests.m */,
				F3806CD81D756F9500A2E20E /* Info.plist */,
			);
			path = CYChatInputViewTests;
			sourceTree = "<group>";
		};
		F3806CE01D756F9500A2E20E /* CYChatInputViewUITests */ = {
			isa = PBXGroup;
			children = (
				F3806CE11D756F9500A2E20E /* CYChatInputViewUITests.m */,
				F3806CE31D756F9500A2E20E /* Info.plist */,
			);
			path = CYChatInputViewUITests;
			sourceTree = "<group>";
		};
		F3806CEF1D75741B00A2E20E /* ChatInput */ = {
			isa = PBXGroup;
			children = (
				F3806CF31D7577E300A2E20E /* ChatInputMoreButton.h */,
				F3806CF41D7577E300A2E20E /* ChatInputMoreButton.m */,
				F3806CF51D7577E300A2E20E /* ChatInputMoreView.h */,
				F3806CF61D7577E300A2E20E /* ChatInputMoreView.m */,
				F3806CF71D7577E300A2E20E /* ChatInputViewDefines.h */,
				F3806CF01D75745200A2E20E /* ChatInputView.h */,
				F3806CF11D75745200A2E20E /* ChatInputView.m */,
			);
			path = ChatInput;
			sourceTree = "<group>";
		};
		F96C00F6DA717A69E21FA131 /* Frameworks */ = {
			isa = PBXGroup;
			children = (
				88C982CF0790DDBF5279DDF2 /* libPods-CYChatInputView.a */,
			);
			name = Frameworks;
			sourceTree = "<group>";
		};
/* End PBXGroup section */

/* Begin PBXNativeTarget section */
		F3806CB81D756F9500A2E20E /* CYChatInputView */ = {
			isa = PBXNativeTarget;
			buildConfigurationList = F3806CE61D756F9500A2E20E /* Build configuration list for PBXNativeTarget "CYChatInputView" */;
			buildPhases = (
				87BC9705EBB610A7A485FAEB /* [CP] Check Pods Manifest.lock */,
				F3806CB51D756F9500A2E20E /* Sources */,
				F3806CB61D756F9500A2E20E /* Frameworks */,
				F3806CB71D756F9500A2E20E /* Resources */,
				38F47EE9F99F1C04F92059DF /* [CP] Embed Pods Frameworks */,
				317416A9004BBD082AB5C60F /* [CP] Copy Pods Resources */,
			);
			buildRules = (
			);
			dependencies = (
			);
			name = CYChatInputView;
			productName = CYChatInputView;
			productReference = F3806CB91D756F9500A2E20E /* CYChatInputView.app */;
			productType = "com.apple.product-type.application";
		};
		F3806CD11D756F9500A2E20E /* CYChatInputViewTests */ = {
			isa = PBXNativeTarget;
			buildConfigurationList = F3806CE91D756F9500A2E20E /* Build configuration list for PBXNativeTarget "CYChatInputViewTests" */;
			buildPhases = (
				F3806CCE1D756F9500A2E20E /* Sources */,
				F3806CCF1D756F9500A2E20E /* Frameworks */,
				F3806CD01D756F9500A2E20E /* Resources */,
			);
			buildRules = (
			);
			dependencies = (
				F3806CD41D756F9500A2E20E /* PBXTargetDependency */,
			);
			name = CYChatInputViewTests;
			productName = CYChatInputViewTests;
			productReference = F3806CD21D756F9500A2E20E /* CYChatInputViewTests.xctest */;
			productType = "com.apple.product-type.bundle.unit-test";
		};
		F3806CDC1D756F9500A2E20E /* CYChatInputViewUITests */ = {
			isa = PBXNativeTarget;
			buildConfigurationList = F3806CEC1D756F9500A2E20E /* Build configuration list for PBXNativeTarget "CYChatInputViewUITests" */;
			buildPhases = (
				F3806CD91D756F9500A2E20E /* Sources */,
				F3806CDA1D756F9500A2E20E /* Frameworks */,
				F3806CDB1D756F9500A2E20E /* Resources */,
			);
			buildRules = (
			);
			dependencies = (
				F3806CDF1D756F9500A2E20E /* PBXTargetDependency */,
			);
			name = CYChatInputViewUITests;
			productName = CYChatInputViewUITests;
			productReference = F3806CDD1D756F9500A2E20E /* CYChatInputViewUITests.xctest */;
			productType = "com.apple.product-type.bundle.ui-testing";
		};
/* End PBXNativeTarget section */

/* Begin PBXProject section */
		F3806CB11D756F9500A2E20E /* Project object */ = {
			isa = PBXProject;
			attributes = {
				LastUpgradeCheck = 0730;
				ORGANIZATIONNAME = CYGTX;
				TargetAttributes = {
					F3806CB81D756F9500A2E20E = {
						CreatedOnToolsVersion = 7.3.1;
					};
					F3806CD11D756F9500A2E20E = {
						CreatedOnToolsVersion = 7.3.1;
						TestTargetID = F3806CB81D756F9500A2E20E;
					};
					F3806CDC1D756F9500A2E20E = {
						CreatedOnToolsVersion = 7.3.1;
						TestTargetID = F3806CB81D756F9500A2E20E;
					};
				};
			};
			buildConfigurationList = F3806CB41D756F9500A2E20E /* Build configuration list for PBXProject "CYChatInputView" */;
			compatibilityVersion = "Xcode 3.2";
			developmentRegion = English;
			hasScannedForEncodings = 0;
			knownRegions = (
				en,
				Base,
			);
			mainGroup = F3806CB01D756F9500A2E20E;
			productRefGroup = F3806CBA1D756F9500A2E20E /* Products */;
			projectDirPath = "";
			projectRoot = "";
			targets = (
				F3806CB81D756F9500A2E20E /* CYChatInputView */,
				F3806CD11D756F9500A2E20E /* CYChatInputViewTests */,
				F3806CDC1D756F9500A2E20E /* CYChatInputViewUITests */,
			);
		};
/* End PBXProject section */

/* Begin PBXResourcesBuildPhase section */
		F3806CB71D756F9500A2E20E /* Resources */ = {
			isa = PBXResourcesBuildPhase;
			buildActionMask = 2147483647;
			files = (
				F3806CCC1D756F9500A2E20E /* LaunchScreen.storyboard in Resources */,
				F3806CC91D756F9500A2E20E /* Assets.xcassets in Resources */,
			);
			runOnlyForDeploymentPostprocessing = 0;
		};
		F3806CD01D756F9500A2E20E /* Resources */ = {
			isa = PBXResourcesBuildPhase;
			buildActionMask = 2147483647;
			files = (
			);
			runOnlyForDeploymentPostprocessing = 0;
		};
		F3806CDB1D756F9500A2E20E /* Resources */ = {
			isa = PBXResourcesBuildPhase;
			buildActionMask = 2147483647;
			files = (
			);
			runOnlyForDeploymentPostprocessing = 0;
		};
/* End PBXResourcesBuildPhase section */

/* Begin PBXShellScriptBuildPhase section */
		317416A9004BBD082AB5C60F /* [CP] Copy Pods Resources */ = {
			isa = PBXShellScriptBuildPhase;
			buildActionMask = 2147483647;
			files = (
			);
			inputPaths = (
			);
			name = "[CP] Copy Pods Resources";
			outputPaths = (
			);
			runOnlyForDeploymentPostprocessing = 0;
			shellPath = /bin/sh;
			shellScript = "\"${SRCROOT}/Pods/Target Support Files/Pods-CYChatInputView/Pods-CYChatInputView-resources.sh\"\n";
			showEnvVarsInLog = 0;
		};
		38F47EE9F99F1C04F92059DF /* [CP] Embed Pods Frameworks */ = {
			isa = PBXShellScriptBuildPhase;
			buildActionMask = 2147483647;
			files = (
			);
			inputPaths = (
			);
			name = "[CP] Embed Pods Frameworks";
			outputPaths = (
			);
			runOnlyForDeploymentPostprocessing = 0;
			shellPath = /bin/sh;
			shellScript = "\"${SRCROOT}/Pods/Target Support Files/Pods-CYChatInputView/Pods-CYChatInputView-frameworks.sh\"\n";
			showEnvVarsInLog = 0;
		};
		87BC9705EBB610A7A485FAEB /* [CP] Check Pods Manifest.lock */ = {
			isa = PBXShellScriptBuildPhase;
			buildActionMask = 2147483647;
			files = (
			);
			inputPaths = (
			);
			name = "[CP] Check Pods Manifest.lock";
			outputPaths = (
			);
			runOnlyForDeploymentPostprocessing = 0;
			shellPath = /bin/sh;
			shellScript = "diff \"${PODS_ROOT}/../Podfile.lock\" \"${PODS_ROOT}/Manifest.lock\" > /dev/null\nif [[ $? != 0 ]] ; then\n    cat << EOM\nerror: The sandbox is not in sync with the Podfile.lock. Run 'pod install' or update your CocoaPods installation.\nEOM\n    exit 1\nfi\n";
			showEnvVarsInLog = 0;
		};
/* End PBXShellScriptBuildPhase section */

/* Begin PBXSourcesBuildPhase section */
		F3806CB51D756F9500A2E20E /* Sources */ = {
			isa = PBXSourcesBuildPhase;
			buildActionMask = 2147483647;
			files = (
				F3806CC41D756F9500A2E20E /* ViewController.m in Sources */,
				F3806CF21D75745200A2E20E /* ChatInputView.m in Sources */,
				F3806CF81D7577E300A2E20E /* ChatInputMoreButton.m in Sources */,
				F3806CC11D756F9500A2E20E /* AppDelegate.m in Sources */,
				F3806CF91D7577E300A2E20E /* ChatInputMoreView.m in Sources */,
				F3806CBE1D756F9500A2E20E /* main.m in Sources */,
			);
			runOnlyForDeploymentPostprocessing = 0;
		};
		F3806CCE1D756F9500A2E20E /* Sources */ = {
			isa = PBXSourcesBuildPhase;
			buildActionMask = 2147483647;
			files = (
				F3806CD71D756F9500A2E20E /* CYChatInputViewTests.m in Sources */,
			);
			runOnlyForDeploymentPostprocessing = 0;
		};
		F3806CD91D756F9500A2E20E /* Sources */ = {
			isa = PBXSourcesBuildPhase;
			buildActionMask = 2147483647;
			files = (
				F3806CE21D756F9500A2E20E /* CYChatInputViewUITests.m in Sources */,
			);
			runOnlyForDeploymentPostprocessing = 0;
		};
/* End PBXSourcesBuildPhase section */

/* Begin PBXTargetDependency section */
		F3806CD41D756F9500A2E20E /* PBXTargetDependency */ = {
			isa = PBXTargetDependency;
			target = F3806CB81D756F9500A2E20E /* CYChatInputView */;
			targetProxy = F3806CD31D756F9500A2E20E /* PBXContainerItemProxy */;
		};
		F3806CDF1D756F9500A2E20E /* PBXTargetDependency */ = {
			isa = PBXTargetDependency;
			target = F3806CB81D756F9500A2E20E /* CYChatInputView */;
			targetProxy = F3806CDE1D756F9500A2E20E /* PBXContainerItemProxy */;
		};
/* End PBXTargetDependency section */

/* Begin PBXVariantGroup section */
		F3806CCA1D756F9500A2E20E /* LaunchScreen.storyboard */ = {
			isa = PBXVariantGroup;
			children = (
				F3806CCB1D756F9500A2E20E /* Base */,
			);
			name = LaunchScreen.storyboard;
			sourceTree = "<group>";
		};
/* End PBXVariantGroup section */

/* Begin XCBuildConfiguration section */
		F3806CE41D756F9500A2E20E /* Debug */ = {
			isa = XCBuildConfiguration;
			buildSettings = {
				ALWAYS_SEARCH_USER_PATHS = NO;
				CLANG_ANALYZER_NONNULL = YES;
				CLANG_CXX_LANGUAGE_STANDARD = "gnu++0x";
				CLANG_CXX_LIBRARY = "libc++";
				CLANG_ENABLE_MODULES = YES;
				CLANG_ENABLE_OBJC_ARC = YES;
				CLANG_WARN_BOOL_CONVERSION = YES;
				CLANG_WARN_CONSTANT_CONVERSION = YES;
				CLANG_WARN_DIRECT_OBJC_ISA_USAGE = YES_ERROR;
				CLANG_WARN_EMPTY_BODY = YES;
				CLANG_WARN_ENUM_CONVERSION = YES;
				CLANG_WARN_INT_CONVERSION = YES;
				CLANG_WARN_OBJC_ROOT_CLASS = YES_ERROR;
				CLANG_WARN_UNREACHABLE_CODE = YES;
				CLANG_WARN__DUPLICATE_METHOD_MATCH = YES;
				"CODE_SIGN_IDENTITY[sdk=iphoneos*]" = "iPhone Developer";
				COPY_PHASE_STRIP = NO;
				DEBUG_INFORMATION_FORMAT = dwarf;
				ENABLE_STRICT_OBJC_MSGSEND = YES;
				ENABLE_TESTABILITY = YES;
				GCC_C_LANGUAGE_STANDARD = gnu99;
				GCC_DYNAMIC_NO_PIC = NO;
				GCC_NO_COMMON_BLOCKS = YES;
				GCC_OPTIMIZATION_LEVEL = 0;
				GCC_PREPROCESSOR_DEFINITIONS = (
					"DEBUG=1",
					"$(inherited)",
				);
				GCC_WARN_64_TO_32_BIT_CONVERSION = YES;
				GCC_WARN_ABOUT_RETURN_TYPE = YES_ERROR;
				GCC_WARN_UNDECLARED_SELECTOR = YES;
				GCC_WARN_UNINITIALIZED_AUTOS = YES_AGGRESSIVE;
				GCC_WARN_UNUSED_FUNCTION = YES;
				GCC_WARN_UNUSED_VARIABLE = YES;
				IPHONEOS_DEPLOYMENT_TARGET = 9.3;
				MTL_ENABLE_DEBUG_INFO = YES;
				ONLY_ACTIVE_ARCH = YES;
				SDKROOT = iphoneos;
			};
			name = Debug;
		};
		F3806CE51D756F9500A2E20E /* Release */ = {
			isa = XCBuildConfiguration;
			buildSettings = {
				ALWAYS_SEARCH_USER_PATHS = NO;
				CLANG_ANALYZER_NONNULL = YES;
				CLANG_CXX_LANGUAGE_STANDARD = "gnu++0x";
				CLANG_CXX_LIBRARY = "libc++";
				CLANG_ENABLE_MODULES = YES;
				CLANG_ENABLE_OBJC_ARC = YES;
				CLANG_WARN_BOOL_CONVERSION = YES;
				CLANG_WARN_CONSTANT_CONVERSION = YES;
				CLANG_WARN_DIRECT_OBJC_ISA_USAGE = YES_ERROR;
				CLANG_WARN_EMPTY_BODY = YES;
				CLANG_WARN_ENUM_CONVERSION = YES;
				CLANG_WARN_INT_CONVERSION = YES;
				CLANG_WARN_OBJC_ROOT_CLASS = YES_ERROR;
				CLANG_WARN_UNREACHABLE_CODE = YES;
				CLANG_WARN__DUPLICATE_METHOD_MATCH = YES;
				"CODE_SIGN_IDENTITY[sdk=iphoneos*]" = "iPhone Developer";
				COPY_PHASE_STRIP = NO;
				DEBUG_INFORMATION_FORMAT = "dwarf-with-dsym";
				ENABLE_NS_ASSERTIONS = NO;
				ENABLE_STRICT_OBJC_MSGSEND = YES;
				GCC_C_LANGUAGE_STANDARD = gnu99;
				GCC_NO_COMMON_BLOCKS = YES;
				GCC_WARN_64_TO_32_BIT_CONVERSION = YES;
				GCC_WARN_ABOUT_RETURN_TYPE = YES_ERROR;
				GCC_WARN_UNDECLARED_SELECTOR = YES;
				GCC_WARN_UNINITIALIZED_AUTOS = YES_AGGRESSIVE;
				GCC_WARN_UNUSED_FUNCTION = YES;
				GCC_WARN_UNUSED_VARIABLE = YES;
				IPHONEOS_DEPLOYMENT_TARGET = 9.3;
				MTL_ENABLE_DEBUG_INFO = NO;
				SDKROOT = iphoneos;
				VALIDATE_PRODUCT = YES;
			};
			name = Release;
		};
		F3806CE71D756F9500A2E20E /* Debug */ = {
			isa = XCBuildConfiguration;
			baseConfigurationReference = 8F5608758F1F6D7F2AF0AF07 /* Pods-CYChatInputView.debug.xcconfig */;
			buildSettings = {
				ASSETCATALOG_COMPILER_APPICON_NAME = AppIcon;
				INFOPLIST_FILE = CYChatInputView/Info.plist;
				LD_RUNPATH_SEARCH_PATHS = "$(inherited) @executable_path/Frameworks";
				PRODUCT_BUNDLE_IDENTIFIER = chunyu.CYChatInputView;
				PRODUCT_NAME = "$(TARGET_NAME)";
			};
			name = Debug;
		};
		F3806CE81D756F9500A2E20E /* Release */ = {
			isa = XCBuildConfiguration;
			baseConfigurationReference = 1B46DFF7F092CF48B446FEA9 /* Pods-CYChatInputView.release.xcconfig */;
			buildSettings = {
				ASSETCATALOG_COMPILER_APPICON_NAME = AppIcon;
				INFOPLIST_FILE = CYChatInputView/Info.plist;
				LD_RUNPATH_SEARCH_PATHS = "$(inherited) @executable_path/Frameworks";
				PRODUCT_BUNDLE_IDENTIFIER = chunyu.CYChatInputView;
				PRODUCT_NAME = "$(TARGET_NAME)";
			};
			name = Release;
		};
		F3806CEA1D756F9500A2E20E /* Debug */ = {
			isa = XCBuildConfiguration;
			buildSettings = {
				BUNDLE_LOADER = "$(TEST_HOST)";
				INFOPLIST_FILE = CYChatInputViewTests/Info.plist;
				LD_RUNPATH_SEARCH_PATHS = "$(inherited) @executable_path/Frameworks @loader_path/Frameworks";
				PRODUCT_BUNDLE_IDENTIFIER = chunyu.CYChatInputViewTests;
				PRODUCT_NAME = "$(TARGET_NAME)";
				TEST_HOST = "$(BUILT_PRODUCTS_DIR)/CYChatInputView.app/CYChatInputView";
			};
			name = Debug;
		};
		F3806CEB1D756F9500A2E20E /* Release */ = {
			isa = XCBuildConfiguration;
			buildSettings = {
				BUNDLE_LOADER = "$(TEST_HOST)";
				INFOPLIST_FILE = CYChatInputViewTests/Info.plist;
				LD_RUNPATH_SEARCH_PATHS = "$(inherited) @executable_path/Frameworks @loader_path/Frameworks";
				PRODUCT_BUNDLE_IDENTIFIER = chunyu.CYChatInputViewTests;
				PRODUCT_NAME = "$(TARGET_NAME)";
				TEST_HOST = "$(BUILT_PRODUCTS_DIR)/CYChatInputView.app/CYChatInputView";
			};
			name = Release;
		};
		F3806CED1D756F9500A2E20E /* Debug */ = {
			isa = XCBuildConfiguration;
			buildSettings = {
				INFOPLIST_FILE = CYChatInputViewUITests/Info.plist;
				LD_RUNPATH_SEARCH_PATHS = "$(inherited) @executable_path/Frameworks @loader_path/Frameworks";
				PRODUCT_BUNDLE_IDENTIFIER = chunyu.CYChatInputViewUITests;
				PRODUCT_NAME = "$(TARGET_NAME)";
				TEST_TARGET_NAME = CYChatInputView;
			};
			name = Debug;
		};
		F3806CEE1D756F9500A2E20E /* Release */ = {
			isa = XCBuildConfiguration;
			buildSettings = {
				INFOPLIST_FILE = CYChatInputViewUITests/Info.plist;
				LD_RUNPATH_SEARCH_PATHS = "$(inherited) @executable_path/Frameworks @loader_path/Frameworks";
				PRODUCT_BUNDLE_IDENTIFIER = chunyu.CYChatInputViewUITests;
				PRODUCT_NAME = "$(TARGET_NAME)";
				TEST_TARGET_NAME = CYChatInputView;
			};
			name = Release;
		};
/* End XCBuildConfiguration section */

/* Begin XCConfigurationList section */
		F3806CB41D756F9500A2E20E /* Build configuration list for PBXProject "CYChatInputView" */ = {
			isa = XCConfigurationList;
			buildConfigurations = (
				F3806CE41D756F9500A2E20E /* Debug */,
				F3806CE51D756F9500A2E20E /* Release */,
			);
			defaultConfigurationIsVisible = 0;
			defaultConfigurationName = Release;
		};
		F3806CE61D756F9500A2E20E /* Build configuration list for PBXNativeTarget "CYChatInputView" */ = {
			isa = XCConfigurationList;
			buildConfigurations = (
				F3806CE71D756F9500A2E20E /* Debug */,
				F3806CE81D756F9500A2E20E /* Release */,
			);
			defaultConfigurationIsVisible = 0;
			defaultConfigurationName = Release;
		};
		F3806CE91D756F9500A2E20E /* Build configuration list for PBXNativeTarget "CYChatInputViewTests" */ = {
			isa = XCConfigurationList;
			buildConfigurations = (
				F3806CEA1D756F9500A2E20E /* Debug */,
				F3806CEB1D756F9500A2E20E /* Release */,
			);
			defaultConfigurationIsVisible = 0;
			defaultConfigurationName = Release;
		};
		F3806CEC1D756F9500A2E20E /* Build configuration list for PBXNativeTarget "CYChatInputViewUITests" */ = {
			isa = XCConfigurationList;
			buildConfigurations = (
				F3806CED1D756F9500A2E20E /* Debug */,
				F3806CEE1D756F9500A2E20E /* Release */,
			);
			defaultConfigurationIsVisible = 0;
			defaultConfigurationName = Release;
		};
/* End XCConfigurationList section */
	};
	rootObject = F3806CB11D756F9500A2E20E /* Project object */;
}
